
Microsoft Visual Studio Solution File, Format Version 12.00
# Visual Studio Version 17
VisualStudioVersion = 17.0.32126.317
MinimumVisualStudioVersion = 10.0.40219.1
Project("{FAE04EC0-301F-11D3-BF4B-00C04F79EFBC}") = "TL2022", "TL2022\TL2022.csproj", "{A730AEC3-100D-4102-82B2-9C45E2E30C05}"
EndProject
Global
	GlobalSection(SolutionConfigurationPlatforms) = preSolution
		Debug|Any CPU = Debug|Any CPU
		Release|Any CPU = Release|Any CPU
	EndGlobalSection
	GlobalSection(ProjectConfigurationPlatforms) = postSolution
		{A730AEC3-100D-4102-82B2-9C45E2E30C05}.Debug|Any CPU.ActiveCfg = Debug|Any CPU
		{A730AEC3-100D-4102-82B2-9C45E2E30C05}.Debug|Any CPU.Build.0 = Debug|Any CPU
		{A730AEC3-100D-4102-82B2-9C45E2E30C05}.Release|Any CPU.ActiveCfg = Release|Any CPU
		{A730AEC3-100D-4102-82B2-9C45E2E30C05}.Release|Any CPU.Build.0 = Release|Any CPU
	EndGlobalSection
	GlobalSection(SolutionProperties) = preSolution
		HideSolutionNode = FALSE
	EndGlobalSection
	GlobalSection(ExtensibilityGlobals) = postSolution
		SolutionGuid = {8888122F-E841-40B9-A8A8-804345653BD6}
	EndGlobalSection
EndGlobal
